
Microsoft Visual Studio Solution File, Format Version 12.00
# Visual Studio Version 16
VisualStudioVersion = 16.0.32510.428
MinimumVisualStudioVersion = 10.0.40219.1
Project("{FAE04EC0-301F-11D3-BF4B-00C04F79EFBC}") = "Api", "Api\Api.csproj", "{F9070AD5-AE7C-49AD-AA39-2811DF228F51}"
EndProject
Project("{FAE04EC0-301F-11D3-BF4B-00C04F79EFBC}") = "Core", "Core\Core.csproj", "{803E7B7C-7DDB-4617-A52B-90210DB47B48}"
EndProject
Project("{FAE04EC0-301F-11D3-BF4B-00C04F79EFBC}") = "Infra", "Infra\Infra.csproj", "{B0FB108E-2C7E-4758-A2F6-4138A16FCE0C}"
EndProject
Global
	GlobalSection(SolutionConfigurationPlatforms) = preSolution
		Debug|Any CPU = Debug|Any CPU
		Release|Any CPU = Release|Any CPU
	EndGlobalSection
	GlobalSection(ProjectConfigurationPlatforms) = postSolution
		{F9070AD5-AE7C-49AD-AA39-2811DF228F51}.Debug|Any CPU.ActiveCfg = Debug|Any CPU
		{F9070AD5-AE7C-49AD-AA39-2811DF228F51}.Debug|Any CPU.Build.0 = Debug|Any CPU
		{F9070AD5-AE7C-49AD-AA39-2811DF228F51}.Release|Any CPU.ActiveCfg = Release|Any CPU
		{F9070AD5-AE7C-49AD-AA39-2811DF228F51}.Release|Any CPU.Build.0 = Release|Any CPU
		{803E7B7C-7DDB-4617-A52B-90210DB47B48}.Debug|Any CPU.ActiveCfg = Debug|Any CPU
		{803E7B7C-7DDB-4617-A52B-90210DB47B48}.Debug|Any CPU.Build.0 = Debug|Any CPU
		{803E7B7C-7DDB-4617-A52B-90210DB47B48}.Release|Any CPU.ActiveCfg = Release|Any CPU
		{803E7B7C-7DDB-4617-A52B-90210DB47B48}.Release|Any CPU.Build.0 = Release|Any CPU
		{B0FB108E-2C7E-4758-A2F6-4138A16FCE0C}.Debug|Any CPU.ActiveCfg = Debug|Any CPU
		{B0FB108E-2C7E-4758-A2F6-4138A16FCE0C}.Debug|Any CPU.Build.0 = Debug|Any CPU
		{B0FB108E-2C7E-4758-A2F6-4138A16FCE0C}.Release|Any CPU.ActiveCfg = Release|Any CPU
		{B0FB108E-2C7E-4758-A2F6-4138A16FCE0C}.Release|Any CPU.Build.0 = Release|Any CPU
	EndGlobalSection
	GlobalSection(SolutionProperties) = preSolution
		HideSolutionNode = FALSE
	EndGlobalSection
	GlobalSection(ExtensibilityGlobals) = postSolution
		SolutionGuid = {E0DDD8EC-2999-4A88-81AE-FDEDF52F091E}
	EndGlobalSection
EndGlobal
